
Microsoft Visual Studio Solution File, Format Version 12.00
# Visual Studio 14
VisualStudioVersion = 14.0.25420.1
MinimumVisualStudioVersion = 10.0.40219.1
Project("{FAE04EC0-301F-11D3-BF4B-00C04F79EFBC}") = "Assembly Sudoku", "Assembly Sudoku\Assembly Sudoku.csproj", "{48075D12-6C84-4AEA-9F12-A89334FB6C2E}"
EndProject
Global
	GlobalSection(SolutionConfigurationPlatforms) = preSolution
		Debug|Any CPU = Debug|Any CPU
		Release|Any CPU = Release|Any CPU
	EndGlobalSection
	GlobalSection(ProjectConfigurationPlatforms) = postSolution
		{48075D12-6C84-4AEA-9F12-A89334FB6C2E}.Debug|Any CPU.ActiveCfg = Debug|Any CPU
		{48075D12-6C84-4AEA-9F12-A89334FB6C2E}.Debug|Any CPU.Build.0 = Debug|Any CPU
		{48075D12-6C84-4AEA-9F12-A89334FB6C2E}.Release|Any CPU.ActiveCfg = Release|Any CPU
		{48075D12-6C84-4AEA-9F12-A89334FB6C2E}.Release|Any CPU.Build.0 = Release|Any CPU
	EndGlobalSection
	GlobalSection(SolutionProperties) = preSolution
		HideSolutionNode = FALSE
	EndGlobalSection
EndGlobal
